
Microsoft Visual Studio Solution File, Format Version 12.00
Project("{FAE04EC0-301F-11D3-BF4B-00C04F79EFBC}") = "He_Thong_Quan_Ly_Bat_Dong_San", "He_Thong_Quan_Ly_Bat_Dong_San\He_Thong_Quan_Ly_Bat_Dong_San.csproj", "{37393CE1-0381-4054-8491-06821C357FEF}"
EndProject
Global
	GlobalSection(SolutionConfigurationPlatforms) = preSolution
		Debug|Any CPU = Debug|Any CPU
		Release|Any CPU = Release|Any CPU
	EndGlobalSection
	GlobalSection(ProjectConfigurationPlatforms) = postSolution
		{37393CE1-0381-4054-8491-06821C357FEF}.Debug|Any CPU.ActiveCfg = Debug|Any CPU
		{37393CE1-0381-4054-8491-06821C357FEF}.Debug|Any CPU.Build.0 = Debug|Any CPU
		{37393CE1-0381-4054-8491-06821C357FEF}.Release|Any CPU.ActiveCfg = Release|Any CPU
		{37393CE1-0381-4054-8491-06821C357FEF}.Release|Any CPU.Build.0 = Release|Any CPU
	EndGlobalSection
EndGlobal
